
Microsoft Visual Studio Solution File, Format Version 12.00
# Visual Studio 15
VisualStudioVersion = 15.0.27004.2005
MinimumVisualStudioVersion = 10.0.40219.1
Project("{FAE04EC0-301F-11D3-BF4B-00C04F79EFBC}") = "ShapesLibrary", "ShapeLibrary\ShapesLibrary.csproj", "{A482B464-42BE-4866-8CC6-5F251C179E9D}"
EndProject
Project("{FAE04EC0-301F-11D3-BF4B-00C04F79EFBC}") = "DrawingWinForm", "DrawingWinForm\DrawingWinForm.csproj", "{28FFB82B-7681-4A13-A396-93ED244AD0BD}"
EndProject
Project("{FAE04EC0-301F-11D3-BF4B-00C04F79EFBC}") = "Better than Paint", "ISMPaint\Better than Paint.csproj", "{7CEFCCB5-B2DD-4A60-8BD9-DF1CD8C3C4E2}"
EndProject
Global
	GlobalSection(SolutionConfigurationPlatforms) = preSolution
		Debug|Any CPU = Debug|Any CPU
		Release|Any CPU = Release|Any CPU
	EndGlobalSection
	GlobalSection(ProjectConfigurationPlatforms) = postSolution
		{A482B464-42BE-4866-8CC6-5F251C179E9D}.Debug|Any CPU.ActiveCfg = Debug|Any CPU
		{A482B464-42BE-4866-8CC6-5F251C179E9D}.Debug|Any CPU.Build.0 = Debug|Any CPU
		{A482B464-42BE-4866-8CC6-5F251C179E9D}.Release|Any CPU.ActiveCfg = Release|Any CPU
		{A482B464-42BE-4866-8CC6-5F251C179E9D}.Release|Any CPU.Build.0 = Release|Any CPU
		{28FFB82B-7681-4A13-A396-93ED244AD0BD}.Debug|Any CPU.ActiveCfg = Debug|Any CPU
		{28FFB82B-7681-4A13-A396-93ED244AD0BD}.Debug|Any CPU.Build.0 = Debug|Any CPU
		{28FFB82B-7681-4A13-A396-93ED244AD0BD}.Release|Any CPU.ActiveCfg = Release|Any CPU
		{28FFB82B-7681-4A13-A396-93ED244AD0BD}.Release|Any CPU.Build.0 = Release|Any CPU
		{7CEFCCB5-B2DD-4A60-8BD9-DF1CD8C3C4E2}.Debug|Any CPU.ActiveCfg = Debug|Any CPU
		{7CEFCCB5-B2DD-4A60-8BD9-DF1CD8C3C4E2}.Debug|Any CPU.Build.0 = Debug|Any CPU
		{7CEFCCB5-B2DD-4A60-8BD9-DF1CD8C3C4E2}.Release|Any CPU.ActiveCfg = Release|Any CPU
		{7CEFCCB5-B2DD-4A60-8BD9-DF1CD8C3C4E2}.Release|Any CPU.Build.0 = Release|Any CPU
	EndGlobalSection
	GlobalSection(SolutionProperties) = preSolution
		HideSolutionNode = FALSE
	EndGlobalSection
	GlobalSection(ExtensibilityGlobals) = postSolution
		SolutionGuid = {4CA6C75A-35E6-45CE-B4FC-5FB26EABDE5A}
	EndGlobalSection
EndGlobal
